
Microsoft Visual Studio Solution File, Format Version 12.00
# Visual Studio Version 17
VisualStudioVersion = 17.14.36414.22 d17.14
MinimumVisualStudioVersion = 10.0.40219.1
Project("{C9674DCB-5085-4A16-B785-4C70DD1589BD}") = "ssisPostgreSQLToMSSQL", "ssisPostgreSQLToMSSQL\ssisPostgreSQLToMSSQL.dtproj", "{8E2ACD94-FA04-CA0B-7212-D4FAE50E7845}"
EndProject
Global
	GlobalSection(SolutionConfigurationPlatforms) = preSolution
		Development|Default = Development|Default
	EndGlobalSection
	GlobalSection(ProjectConfigurationPlatforms) = postSolution
		{8E2ACD94-FA04-CA0B-7212-D4FAE50E7845}.Development|Default.ActiveCfg = Development
		{8E2ACD94-FA04-CA0B-7212-D4FAE50E7845}.Development|Default.Build.0 = Development
	EndGlobalSection
	GlobalSection(SolutionProperties) = preSolution
		HideSolutionNode = FALSE
	EndGlobalSection
	GlobalSection(ExtensibilityGlobals) = postSolution
		SolutionGuid = {876A7DD9-755B-4BCB-A5B8-9A9CC4EA1F72}
	EndGlobalSection
EndGlobal
